# THIS IS AN AUTOGENERATED FILE. DO NOT EDIT THIS FILE DIRECTLY.
# yarn lockfile v1


"@braintree/sanitize-url@^3.1.0":
  version "3.1.0"
  resolved "https://registry.yarnpkg.com/@braintree/sanitize-url/-/sanitize-url-3.1.0.tgz#8ff71d51053cd5ee4981e5a501d80a536244f7fd"

"@mermaid-js/mermaid-cli@~8":
  version "8.13.8"
  resolved "https://registry.yarnpkg.com/@mermaid-js/mermaid-cli/-/mermaid-cli-8.13.8.tgz#ff73ebb7080e0f8604f5c4d4aff021618b6fe6c4"
  dependencies:
    chalk "^4.1.0"
    commander "^8.0.0"
    mermaid "^8.9.0"
    puppeteer "^13.0.0"

"@types/color-name@^1.1.1":
  version "1.1.1"
  resolved "https://registry.npmjs.org/@types/color-name/-/color-name-1.1.1.tgz"

"@types/node@*":
  version "18.11.10"
  resolved "https://registry.yarnpkg.com/@types/node/-/node-18.11.10.tgz#4c64759f3c2343b7e6c4b9caf761c7a3a05cee34"

"@types/yauzl@^2.9.1":
  version "2.10.0"
  resolved "https://registry.yarnpkg.com/@types/yauzl/-/yauzl-2.10.0.tgz#b3248295276cf8c6f153ebe6a9aba0c988cb2599"
  dependencies:
    "@types/node" "*"

agent-base@6:
  version "6.0.2"
  resolved "https://registry.yarnpkg.com/agent-base/-/agent-base-6.0.2.tgz#49fff58577cfee3f37176feab4c22e00f86d7f77"
  dependencies:
    debug "4"

ajv@^6.5.5:
  version "6.12.6"
  resolved "https://registry.npmjs.org/ajv/-/ajv-6.12.6.tgz"
  dependencies:
    fast-deep-equal "^3.1.1"
    fast-json-stable-stringify "^2.0.0"
    json-schema-traverse "^0.4.1"
    uri-js "^4.2.2"

ansi-styles@^4.1.0:
  version "4.2.1"
  resolved "https://registry.npmjs.org/ansi-styles/-/ansi-styles-4.2.1.tgz"
  dependencies:
    "@types/color-name" "^1.1.1"
    color-convert "^2.0.1"

asn1@~0.2.3:
  version "0.2.4"
  resolved "https://registry.npmjs.org/asn1/-/asn1-0.2.4.tgz"
  dependencies:
    safer-buffer "~2.1.0"

assert-plus@1.0.0, assert-plus@^1.0.0:
  version "1.0.0"
  resolved "https://registry.npmjs.org/assert-plus/-/assert-plus-1.0.0.tgz"

asynckit@^0.4.0:
  version "0.4.0"
  resolved "https://registry.npmjs.org/asynckit/-/asynckit-0.4.0.tgz"

aws-sign2@~0.7.0:
  version "0.7.0"
  resolved "https://registry.npmjs.org/aws-sign2/-/aws-sign2-0.7.0.tgz"

aws4@^1.8.0:
  version "1.10.0"
  resolved "https://registry.npmjs.org/aws4/-/aws4-1.10.0.tgz"

balanced-match@^1.0.0:
  version "1.0.2"
  resolved "https://registry.yarnpkg.com/balanced-match/-/balanced-match-1.0.2.tgz#e83e3a7e3f300b34cb9d87f615fa0cbf357690ee"

base64-js@^1.3.1:
  version "1.5.1"
  resolved "https://registry.yarnpkg.com/base64-js/-/base64-js-1.5.1.tgz#1b1b440160a5bf7ad40b650f095963481903930a"

bcrypt-pbkdf@^1.0.0:
  version "1.0.2"
  resolved "https://registry.npmjs.org/bcrypt-pbkdf/-/bcrypt-pbkdf-1.0.2.tgz"
  dependencies:
    tweetnacl "^0.14.3"

bl@^4.0.3:
  version "4.1.0"
  resolved "https://registry.yarnpkg.com/bl/-/bl-4.1.0.tgz#451535264182bec2fbbc83a62ab98cf11d9f7b3a"
  dependencies:
    buffer "^5.5.0"
    inherits "^2.0.4"
    readable-stream "^3.4.0"

brace-expansion@^1.1.7:
  version "1.1.11"
  resolved "https://registry.yarnpkg.com/brace-expansion/-/brace-expansion-1.1.11.tgz#3c7fcbf529d87226f3d2f52b966ff5271eb441dd"
  dependencies:
    balanced-match "^1.0.0"
    concat-map "0.0.1"

buffer-crc32@~0.2.3:
  version "0.2.13"
  resolved "https://registry.yarnpkg.com/buffer-crc32/-/buffer-crc32-0.2.13.tgz#0d333e3f00eac50aa1454abd30ef8c2a5d9a7242"

buffer@^5.2.1, buffer@^5.5.0:
  version "5.7.1"
  resolved "https://registry.yarnpkg.com/buffer/-/buffer-5.7.1.tgz#ba62e7c13133053582197160851a8f648e99eed0"
  dependencies:
    base64-js "^1.3.1"
    ieee754 "^1.1.13"

caseless@~0.12.0:
  version "0.12.0"
  resolved "https://registry.npmjs.org/caseless/-/caseless-0.12.0.tgz"

chalk@^4.1.0:
  version "4.1.0"
  resolved "https://registry.npmjs.org/chalk/-/chalk-4.1.0.tgz"
  dependencies:
    ansi-styles "^4.1.0"
    supports-color "^7.1.0"

chownr@^1.1.1:
  version "1.1.4"
  resolved "https://registry.yarnpkg.com/chownr/-/chownr-1.1.4.tgz#6fc9d7b42d32a583596337666e7d08084da2cc6b"

color-convert@^2.0.1:
  version "2.0.1"
  resolved "https://registry.npmjs.org/color-convert/-/color-convert-2.0.1.tgz"
  dependencies:
    color-name "~1.1.4"

color-name@~1.1.4:
  version "1.1.4"
  resolved "https://registry.npmjs.org/color-name/-/color-name-1.1.4.tgz"

combined-stream@^1.0.6, combined-stream@~1.0.6:
  version "1.0.8"
  resolved "https://registry.npmjs.org/combined-stream/-/combined-stream-1.0.8.tgz"
  dependencies:
    delayed-stream "~1.0.0"

commander@2, commander@^2.3.0:
  version "2.20.3"
  resolved "https://registry.npmjs.org/commander/-/commander-2.20.3.tgz"

commander@7:
  version "7.2.0"
  resolved "https://registry.yarnpkg.com/commander/-/commander-7.2.0.tgz#a36cb57d0b501ce108e4d20559a150a391d97ab7"

commander@^8.0.0:
  version "8.3.0"
  resolved "https://registry.yarnpkg.com/commander/-/commander-8.3.0.tgz#4837ea1b2da67b9c616a67afbb0fafee567bca66"

concat-map@0.0.1:
  version "0.0.1"
  resolved "https://registry.yarnpkg.com/concat-map/-/concat-map-0.0.1.tgz#d8a96bd77fd68df7793a73036a3ba0d5405d477b"

core-util-is@1.0.2:
  version "1.0.2"
  resolved "https://registry.npmjs.org/core-util-is/-/core-util-is-1.0.2.tgz"

cross-fetch@3.1.5:
  version "3.1.5"
  resolved "https://registry.yarnpkg.com/cross-fetch/-/cross-fetch-3.1.5.tgz#e1389f44d9e7ba767907f7af8454787952ab534f"
  dependencies:
    node-fetch "2.6.7"

d3-array@1, d3-array@^1.1.1, d3-array@^1.2.0:
  version "1.2.4"
  resolved "https://registry.yarnpkg.com/d3-array/-/d3-array-1.2.4.tgz#635ce4d5eea759f6f605863dbcfc30edc737f71f"

"d3-array@2 - 3", "d3-array@2.10.0 - 3", "d3-array@2.5.0 - 3", d3-array@3, d3-array@^3.2.0:
  version "3.2.0"
  resolved "https://registry.yarnpkg.com/d3-array/-/d3-array-3.2.0.tgz#15bf96cd9b7333e02eb8de8053d78962eafcff14"
  dependencies:
    internmap "1 - 2"

d3-axis@1:
  version "1.0.12"
  resolved "https://registry.yarnpkg.com/d3-axis/-/d3-axis-1.0.12.tgz#cdf20ba210cfbb43795af33756886fb3638daac9"

d3-axis@3:
  version "3.0.0"
  resolved "https://registry.yarnpkg.com/d3-axis/-/d3-axis-3.0.0.tgz#c42a4a13e8131d637b745fc2973824cfeaf93322"

d3-brush@1:
  version "1.1.6"
  resolved "https://registry.yarnpkg.com/d3-brush/-/d3-brush-1.1.6.tgz#b0a22c7372cabec128bdddf9bddc058592f89e9b"
  dependencies:
    d3-dispatch "1"
    d3-drag "1"
    d3-interpolate "1"
    d3-selection "1"
    d3-transition "1"

d3-brush@3:
  version "3.0.0"
  resolved "https://registry.yarnpkg.com/d3-brush/-/d3-brush-3.0.0.tgz#6f767c4ed8dcb79de7ede3e1c0f89e63ef64d31c"
  dependencies:
    d3-dispatch "1 - 3"
    d3-drag "2 - 3"
    d3-interpolate "1 - 3"
    d3-selection "3"
    d3-transition "3"

d3-chord@1:
  version "1.0.6"
  resolved "https://registry.yarnpkg.com/d3-chord/-/d3-chord-1.0.6.tgz#309157e3f2db2c752f0280fedd35f2067ccbb15f"
  dependencies:
    d3-array "1"
    d3-path "1"

d3-chord@3:
  version "3.0.1"
  resolved "https://registry.yarnpkg.com/d3-chord/-/d3-chord-3.0.1.tgz#d156d61f485fce8327e6abf339cb41d8cbba6966"
  dependencies:
    d3-path "1 - 3"

d3-collection@1:
  version "1.0.7"
  resolved "https://registry.yarnpkg.com/d3-collection/-/d3-collection-1.0.7.tgz#349bd2aa9977db071091c13144d5e4f16b5b310e"

d3-color@1:
  version "1.4.1"
  resolved "https://registry.yarnpkg.com/d3-color/-/d3-color-1.4.1.tgz#c52002bf8846ada4424d55d97982fef26eb3bc8a"

"d3-color@1 - 3", d3-color@3:
  version "3.1.0"
  resolved "https://registry.yarnpkg.com/d3-color/-/d3-color-3.1.0.tgz#395b2833dfac71507f12ac2f7af23bf819de24e2"

d3-contour@1:
  version "1.3.2"
  resolved "https://registry.yarnpkg.com/d3-contour/-/d3-contour-1.3.2.tgz#652aacd500d2264cb3423cee10db69f6f59bead3"
  dependencies:
    d3-array "^1.1.1"

d3-contour@4:
  version "4.0.0"
  resolved "https://registry.yarnpkg.com/d3-contour/-/d3-contour-4.0.0.tgz#5a1337c6da0d528479acdb5db54bc81a0ff2ec6b"
  dependencies:
    d3-array "^3.2.0"

d3-delaunay@6:
  version "6.0.2"
  resolved "https://registry.yarnpkg.com/d3-delaunay/-/d3-delaunay-6.0.2.tgz#7fd3717ad0eade2fc9939f4260acfb503f984e92"
  dependencies:
    delaunator "5"

d3-dispatch@1:
  version "1.0.6"
  resolved "https://registry.yarnpkg.com/d3-dispatch/-/d3-dispatch-1.0.6.tgz#00d37bcee4dd8cd97729dd893a0ac29caaba5d58"

"d3-dispatch@1 - 3", d3-dispatch@3:
  version "3.0.1"
  resolved "https://registry.yarnpkg.com/d3-dispatch/-/d3-dispatch-3.0.1.tgz#5fc75284e9c2375c36c839411a0cf550cbfc4d5e"

d3-drag@1:
  version "1.2.5"
  resolved "https://registry.yarnpkg.com/d3-drag/-/d3-drag-1.2.5.tgz#2537f451acd39d31406677b7dc77c82f7d988f70"
  dependencies:
    d3-dispatch "1"
    d3-selection "1"

"d3-drag@2 - 3", d3-drag@3:
  version "3.0.0"
  resolved "https://registry.yarnpkg.com/d3-drag/-/d3-drag-3.0.0.tgz#994aae9cd23c719f53b5e10e3a0a6108c69607ba"
  dependencies:
    d3-dispatch "1 - 3"
    d3-selection "3"

d3-dsv@1:
  version "1.2.0"
  resolved "https://registry.yarnpkg.com/d3-dsv/-/d3-dsv-1.2.0.tgz#9d5f75c3a5f8abd611f74d3f5847b0d4338b885c"
  dependencies:
    commander "2"
    iconv-lite "0.4"
    rw "1"

"d3-dsv@1 - 3", d3-dsv@3:
  version "3.0.1"
  resolved "https://registry.yarnpkg.com/d3-dsv/-/d3-dsv-3.0.1.tgz#c63af978f4d6a0d084a52a673922be2160789b73"
  dependencies:
    commander "7"
    iconv-lite "0.6"
    rw "1"

d3-ease@1:
  version "1.0.7"
  resolved "https://registry.yarnpkg.com/d3-ease/-/d3-ease-1.0.7.tgz#9a834890ef8b8ae8c558b2fe55bd57f5993b85e2"

"d3-ease@1 - 3", d3-ease@3:
  version "3.0.1"
  resolved "https://registry.yarnpkg.com/d3-ease/-/d3-ease-3.0.1.tgz#9658ac38a2140d59d346160f1f6c30fda0bd12f4"

d3-fetch@1:
  version "1.2.0"
  resolved "https://registry.yarnpkg.com/d3-fetch/-/d3-fetch-1.2.0.tgz#15ce2ecfc41b092b1db50abd2c552c2316cf7fc7"
  dependencies:
    d3-dsv "1"

d3-fetch@3:
  version "3.0.1"
  resolved "https://registry.yarnpkg.com/d3-fetch/-/d3-fetch-3.0.1.tgz#83141bff9856a0edb5e38de89cdcfe63d0a60a22"
  dependencies:
    d3-dsv "1 - 3"

d3-force@1:
  version "1.2.1"
  resolved "https://registry.yarnpkg.com/d3-force/-/d3-force-1.2.1.tgz#fd29a5d1ff181c9e7f0669e4bd72bdb0e914ec0b"
  dependencies:
    d3-collection "1"
    d3-dispatch "1"
    d3-quadtree "1"
    d3-timer "1"

d3-force@3:
  version "3.0.0"
  resolved "https://registry.yarnpkg.com/d3-force/-/d3-force-3.0.0.tgz#3e2ba1a61e70888fe3d9194e30d6d14eece155c4"
  dependencies:
    d3-dispatch "1 - 3"
    d3-quadtree "1 - 3"
    d3-timer "1 - 3"

d3-format@1:
  version "1.4.5"
  resolved "https://registry.yarnpkg.com/d3-format/-/d3-format-1.4.5.tgz#374f2ba1320e3717eb74a9356c67daee17a7edb4"

"d3-format@1 - 3", d3-format@3:
  version "3.1.0"
  resolved "https://registry.yarnpkg.com/d3-format/-/d3-format-3.1.0.tgz#9260e23a28ea5cb109e93b21a06e24e2ebd55641"

d3-geo@1:
  version "1.12.1"
  resolved "https://registry.yarnpkg.com/d3-geo/-/d3-geo-1.12.1.tgz#7fc2ab7414b72e59fbcbd603e80d9adc029b035f"
  dependencies:
    d3-array "1"

d3-geo@3:
  version "3.0.1"
  resolved "https://registry.yarnpkg.com/d3-geo/-/d3-geo-3.0.1.tgz#4f92362fd8685d93e3b1fae0fd97dc8980b1ed7e"
  dependencies:
    d3-array "2.5.0 - 3"

d3-hierarchy@1:
  version "1.1.9"
  resolved "https://registry.yarnpkg.com/d3-hierarchy/-/d3-hierarchy-1.1.9.tgz#2f6bee24caaea43f8dc37545fa01628559647a83"

d3-hierarchy@3:
  version "3.1.2"
  resolved "https://registry.yarnpkg.com/d3-hierarchy/-/d3-hierarchy-3.1.2.tgz#b01cd42c1eed3d46db77a5966cf726f8c09160c6"

d3-interpolate@1:
  version "1.4.0"
  resolved "https://registry.yarnpkg.com/d3-interpolate/-/d3-interpolate-1.4.0.tgz#526e79e2d80daa383f9e0c1c1c7dcc0f0583e987"
  dependencies:
    d3-color "1"

"d3-interpolate@1 - 3", "d3-interpolate@1.2.0 - 3", d3-interpolate@3:
  version "3.0.1"
  resolved "https://registry.yarnpkg.com/d3-interpolate/-/d3-interpolate-3.0.1.tgz#3c47aa5b32c5b3dfb56ef3fd4342078a632b400d"
  dependencies:
    d3-color "1 - 3"

d3-path@1:
  version "1.0.9"
  resolved "https://registry.yarnpkg.com/d3-path/-/d3-path-1.0.9.tgz#48c050bb1fe8c262493a8caf5524e3e9591701cf"

"d3-path@1 - 3", d3-path@3:
  version "3.0.1"
  resolved "https://registry.yarnpkg.com/d3-path/-/d3-path-3.0.1.tgz#f09dec0aaffd770b7995f1a399152bf93052321e"

d3-polygon@1:
  version "1.0.6"
  resolved "https://registry.yarnpkg.com/d3-polygon/-/d3-polygon-1.0.6.tgz#0bf8cb8180a6dc107f518ddf7975e12abbfbd38e"

d3-polygon@3:
  version "3.0.1"
  resolved "https://registry.yarnpkg.com/d3-polygon/-/d3-polygon-3.0.1.tgz#0b45d3dd1c48a29c8e057e6135693ec80bf16398"

d3-quadtree@1:
  version "1.0.7"
  resolved "https://registry.yarnpkg.com/d3-quadtree/-/d3-quadtree-1.0.7.tgz#ca8b84df7bb53763fe3c2f24bd435137f4e53135"

"d3-quadtree@1 - 3", d3-quadtree@3:
  version "3.0.1"
  resolved "https://registry.yarnpkg.com/d3-quadtree/-/d3-quadtree-3.0.1.tgz#6dca3e8be2b393c9a9d514dabbd80a92deef1a4f"

d3-random@1:
  version "1.1.2"
  resolved "https://registry.yarnpkg.com/d3-random/-/d3-random-1.1.2.tgz#2833be7c124360bf9e2d3fd4f33847cfe6cab291"

d3-random@3:
  version "3.0.1"
  resolved "https://registry.yarnpkg.com/d3-random/-/d3-random-3.0.1.tgz#d4926378d333d9c0bfd1e6fa0194d30aebaa20f4"

d3-scale-chromatic@1:
  version "1.5.0"
  resolved "https://registry.yarnpkg.com/d3-scale-chromatic/-/d3-scale-chromatic-1.5.0.tgz#54e333fc78212f439b14641fb55801dd81135a98"
  dependencies:
    d3-color "1"
    d3-interpolate "1"

d3-scale-chromatic@3:
  version "3.0.0"
  resolved "https://registry.yarnpkg.com/d3-scale-chromatic/-/d3-scale-chromatic-3.0.0.tgz#15b4ceb8ca2bb0dcb6d1a641ee03d59c3b62376a"
  dependencies:
    d3-color "1 - 3"
    d3-interpolate "1 - 3"

d3-scale@2:
  version "2.2.2"
  resolved "https://registry.yarnpkg.com/d3-scale/-/d3-scale-2.2.2.tgz#4e880e0b2745acaaddd3ede26a9e908a9e17b81f"
  dependencies:
    d3-array "^1.2.0"
    d3-collection "1"
    d3-format "1"
    d3-interpolate "1"
    d3-time "1"
    d3-time-format "2"

d3-scale@4:
  version "4.0.2"
  resolved "https://registry.yarnpkg.com/d3-scale/-/d3-scale-4.0.2.tgz#82b38e8e8ff7080764f8dcec77bd4be393689396"
  dependencies:
    d3-array "2.10.0 - 3"
    d3-format "1 - 3"
    d3-interpolate "1.2.0 - 3"
    d3-time "2.1.1 - 3"
    d3-time-format "2 - 4"

d3-selection@1, d3-selection@^1.1.0:
  version "1.4.2"
  resolved "https://registry.yarnpkg.com/d3-selection/-/d3-selection-1.4.2.tgz#dcaa49522c0dbf32d6c1858afc26b6094555bc5c"

"d3-selection@2 - 3", d3-selection@3:
  version "3.0.0"
  resolved "https://registry.yarnpkg.com/d3-selection/-/d3-selection-3.0.0.tgz#c25338207efa72cc5b9bd1458a1a41901f1e1b31"

d3-shape@1:
  version "1.3.7"
  resolved "https://registry.yarnpkg.com/d3-shape/-/d3-shape-1.3.7.tgz#df63801be07bc986bc54f63789b4fe502992b5d7"
  dependencies:
    d3-path "1"

d3-shape@3:
  version "3.1.0"
  resolved "https://registry.yarnpkg.com/d3-shape/-/d3-shape-3.1.0.tgz#c8a495652d83ea6f524e482fca57aa3f8bc32556"
  dependencies:
    d3-path "1 - 3"

d3-time-format@2:
  version "2.3.0"
  resolved "https://registry.yarnpkg.com/d3-time-format/-/d3-time-format-2.3.0.tgz#107bdc028667788a8924ba040faf1fbccd5a7850"
  dependencies:
    d3-time "1"

"d3-time-format@2 - 4", d3-time-format@4:
  version "4.1.0"
  resolved "https://registry.yarnpkg.com/d3-time-format/-/d3-time-format-4.1.0.tgz#7ab5257a5041d11ecb4fe70a5c7d16a195bb408a"
  dependencies:
    d3-time "1 - 3"

d3-time@1:
  version "1.1.0"
  resolved "https://registry.yarnpkg.com/d3-time/-/d3-time-1.1.0.tgz#b1e19d307dae9c900b7e5b25ffc5dcc249a8a0f1"

"d3-time@1 - 3", "d3-time@2.1.1 - 3", d3-time@3:
  version "3.1.0"
  resolved "https://registry.yarnpkg.com/d3-time/-/d3-time-3.1.0.tgz#9310db56e992e3c0175e1ef385e545e48a9bb5c7"
  dependencies:
    d3-array "2 - 3"

d3-timer@1:
  version "1.0.10"
  resolved "https://registry.yarnpkg.com/d3-timer/-/d3-timer-1.0.10.tgz#dfe76b8a91748831b13b6d9c793ffbd508dd9de5"

"d3-timer@1 - 3", d3-timer@3:
  version "3.0.1"
  resolved "https://registry.yarnpkg.com/d3-timer/-/d3-timer-3.0.1.tgz#6284d2a2708285b1abb7e201eda4380af35e63b0"

d3-transition@1:
  version "1.3.2"
  resolved "https://registry.yarnpkg.com/d3-transition/-/d3-transition-1.3.2.tgz#a98ef2151be8d8600543434c1ca80140ae23b398"
  dependencies:
    d3-color "1"
    d3-dispatch "1"
    d3-ease "1"
    d3-interpolate "1"
    d3-selection "^1.1.0"
    d3-timer "1"

"d3-transition@2 - 3", d3-transition@3:
  version "3.0.1"
  resolved "https://registry.yarnpkg.com/d3-transition/-/d3-transition-3.0.1.tgz#6869fdde1448868077fdd5989200cb61b2a1645f"
  dependencies:
    d3-color "1 - 3"
    d3-dispatch "1 - 3"
    d3-ease "1 - 3"
    d3-interpolate "1 - 3"
    d3-timer "1 - 3"

d3-voronoi@1:
  version "1.1.4"
  resolved "https://registry.yarnpkg.com/d3-voronoi/-/d3-voronoi-1.1.4.tgz#dd3c78d7653d2bb359284ae478645d95944c8297"

d3-zoom@1:
  version "1.8.3"
  resolved "https://registry.yarnpkg.com/d3-zoom/-/d3-zoom-1.8.3.tgz#b6a3dbe738c7763121cd05b8a7795ffe17f4fc0a"
  dependencies:
    d3-dispatch "1"
    d3-drag "1"
    d3-interpolate "1"
    d3-selection "1"
    d3-transition "1"

d3-zoom@3:
  version "3.0.0"
  resolved "https://registry.yarnpkg.com/d3-zoom/-/d3-zoom-3.0.0.tgz#d13f4165c73217ffeaa54295cd6969b3e7aee8f3"
  dependencies:
    d3-dispatch "1 - 3"
    d3-drag "2 - 3"
    d3-interpolate "1 - 3"
    d3-selection "2 - 3"
    d3-transition "2 - 3"

d3@^5.14:
  version "5.16.0"
  resolved "https://registry.yarnpkg.com/d3/-/d3-5.16.0.tgz#9c5e8d3b56403c79d4ed42fbd62f6113f199c877"
  dependencies:
    d3-array "1"
    d3-axis "1"
    d3-brush "1"
    d3-chord "1"
    d3-collection "1"
    d3-color "1"
    d3-contour "1"
    d3-dispatch "1"
    d3-drag "1"
    d3-dsv "1"
    d3-ease "1"
    d3-fetch "1"
    d3-force "1"
    d3-format "1"
    d3-geo "1"
    d3-hierarchy "1"
    d3-interpolate "1"
    d3-path "1"
    d3-polygon "1"
    d3-quadtree "1"
    d3-random "1"
    d3-scale "2"
    d3-scale-chromatic "1"
    d3-selection "1"
    d3-shape "1"
    d3-time "1"
    d3-time-format "2"
    d3-timer "1"
    d3-transition "1"
    d3-voronoi "1"
    d3-zoom "1"

d3@^7.0.0:
  version "7.6.1"
  resolved "https://registry.yarnpkg.com/d3/-/d3-7.6.1.tgz#b21af9563485ed472802f8c611cc43be6c37c40c"
  dependencies:
    d3-array "3"
    d3-axis "3"
    d3-brush "3"
    d3-chord "3"
    d3-color "3"
    d3-contour "4"
    d3-delaunay "6"
    d3-dispatch "3"
    d3-drag "3"
    d3-dsv "3"
    d3-ease "3"
    d3-fetch "3"
    d3-force "3"
    d3-format "3"
    d3-geo "3"
    d3-hierarchy "3"
    d3-interpolate "3"
    d3-path "3"
    d3-polygon "3"
    d3-quadtree "3"
    d3-random "3"
    d3-scale "4"
    d3-scale-chromatic "3"
    d3-selection "3"
    d3-shape "3"
    d3-time "3"
    d3-time-format "4"
    d3-timer "3"
    d3-transition "3"
    d3-zoom "3"

dagre-d3@^0.6.4:
  version "0.6.4"
  resolved "https://registry.yarnpkg.com/dagre-d3/-/dagre-d3-0.6.4.tgz#0728d5ce7f177ca2337df141ceb60fbe6eeb7b29"
  dependencies:
    d3 "^5.14"
    dagre "^0.8.5"
    graphlib "^2.1.8"
    lodash "^4.17.15"

dagre@^0.8.5:
  version "0.8.5"
  resolved "https://registry.yarnpkg.com/dagre/-/dagre-0.8.5.tgz#ba30b0055dac12b6c1fcc247817442777d06afee"
  dependencies:
    graphlib "^2.1.8"
    lodash "^4.17.15"

dashdash@^1.12.0:
  version "1.14.1"
  resolved "https://registry.npmjs.org/dashdash/-/dashdash-1.14.1.tgz"
  dependencies:
    assert-plus "^1.0.0"

debug@4, debug@4.3.4, debug@^4.1.1:
  version "4.3.4"
  resolved "https://registry.yarnpkg.com/debug/-/debug-4.3.4.tgz#1319f6579357f2338d3337d2cdd4914bb5dcc865"
  dependencies:
    ms "2.1.2"

delaunator@5:
  version "5.0.0"
  resolved "https://registry.yarnpkg.com/delaunator/-/delaunator-5.0.0.tgz#60f052b28bd91c9b4566850ebf7756efe821d81b"
  dependencies:
    robust-predicates "^3.0.0"

delayed-stream@~1.0.0:
  version "1.0.0"
  resolved "https://registry.npmjs.org/delayed-stream/-/delayed-stream-1.0.0.tgz"

devtools-protocol@0.0.981744:
  version "0.0.981744"
  resolved "https://registry.yarnpkg.com/devtools-protocol/-/devtools-protocol-0.0.981744.tgz#9960da0370284577d46c28979a0b32651022bacf"

dompurify@2.3.5:
  version "2.3.5"
  resolved "https://registry.yarnpkg.com/dompurify/-/dompurify-2.3.5.tgz#c83ed5a3ae5ce23e52efe654ea052ffb358dd7e3"

ecc-jsbn@~0.1.1:
  version "0.1.2"
  resolved "https://registry.npmjs.org/ecc-jsbn/-/ecc-jsbn-0.1.2.tgz"
  dependencies:
    jsbn "~0.1.0"
    safer-buffer "^2.1.0"

end-of-stream@^1.1.0, end-of-stream@^1.4.1:
  version "1.4.4"
  resolved "https://registry.yarnpkg.com/end-of-stream/-/end-of-stream-1.4.4.tgz#5ae64a5f45057baf3626ec14da0ca5e4b2431eb0"
  dependencies:
    once "^1.4.0"

extend@~3.0.2:
  version "3.0.2"
  resolved "https://registry.npmjs.org/extend/-/extend-3.0.2.tgz"

extract-zip@2.0.1:
  version "2.0.1"
  resolved "https://registry.yarnpkg.com/extract-zip/-/extract-zip-2.0.1.tgz#663dca56fe46df890d5f131ef4a06d22bb8ba13a"
  dependencies:
    debug "^4.1.1"
    get-stream "^5.1.0"
    yauzl "^2.10.0"
  optionalDependencies:
    "@types/yauzl" "^2.9.1"

extsprintf@1.3.0, extsprintf@^1.2.0:
  version "1.3.0"
  resolved "https://registry.npmjs.org/extsprintf/-/extsprintf-1.3.0.tgz"

fast-deep-equal@^3.1.1:
  version "3.1.3"
  resolved "https://registry.npmjs.org/fast-deep-equal/-/fast-deep-equal-3.1.3.tgz"

fast-json-stable-stringify@^2.0.0:
  version "2.1.0"
  resolved "https://registry.npmjs.org/fast-json-stable-stringify/-/fast-json-stable-stringify-2.1.0.tgz"

fd-slicer@~1.1.0:
  version "1.1.0"
  resolved "https://registry.yarnpkg.com/fd-slicer/-/fd-slicer-1.1.0.tgz#25c7c89cb1f9077f8891bbe61d8f390eae256f1e"
  dependencies:
    pend "~1.2.0"

find-up@^4.0.0:
  version "4.1.0"
  resolved "https://registry.yarnpkg.com/find-up/-/find-up-4.1.0.tgz#97afe7d6cdc0bc5928584b7c8d7b16e8a9aa5d19"
  dependencies:
    locate-path "^5.0.0"
    path-exists "^4.0.0"

forever-agent@~0.6.1:
  version "0.6.1"
  resolved "https://registry.npmjs.org/forever-agent/-/forever-agent-0.6.1.tgz"

form-data@~2.3.2:
  version "2.3.3"
  resolved "https://registry.npmjs.org/form-data/-/form-data-2.3.3.tgz"
  dependencies:
    asynckit "^0.4.0"
    combined-stream "^1.0.6"
    mime-types "^2.1.12"

fs-constants@^1.0.0:
  version "1.0.0"
  resolved "https://registry.yarnpkg.com/fs-constants/-/fs-constants-1.0.0.tgz#6be0de9be998ce16af8afc24497b9ee9b7ccd9ad"

fs.realpath@^1.0.0:
  version "1.0.0"
  resolved "https://registry.yarnpkg.com/fs.realpath/-/fs.realpath-1.0.0.tgz#1504ad2523158caa40db4a2787cb01411994ea4f"

get-stdin@~0.1.0:
  version "0.1.0"
  resolved "https://registry.npmjs.org/get-stdin/-/get-stdin-0.1.0.tgz"

get-stream@^5.1.0:
  version "5.2.0"
  resolved "https://registry.yarnpkg.com/get-stream/-/get-stream-5.2.0.tgz#4966a1795ee5ace65e706c4b7beb71257d6e22d3"
  dependencies:
    pump "^3.0.0"

getpass@^0.1.1:
  version "0.1.7"
  resolved "https://registry.npmjs.org/getpass/-/getpass-0.1.7.tgz"
  dependencies:
    assert-plus "^1.0.0"

glob@^7.1.2:
  version "7.1.6"
  resolved "https://registry.npmjs.org/glob/-/glob-7.1.6.tgz"
  dependencies:
    fs.realpath "^1.0.0"
    inflight "^1.0.4"
    inherits "2"
    minimatch "^3.0.4"
    once "^1.3.0"
    path-is-absolute "^1.0.0"

glob@^7.1.3:
  version "7.2.3"
  resolved "https://registry.yarnpkg.com/glob/-/glob-7.2.3.tgz#b8df0fb802bbfa8e89bd1d938b4e16578ed44f2b"
  dependencies:
    fs.realpath "^1.0.0"
    inflight "^1.0.4"
    inherits "2"
    minimatch "^3.1.1"
    once "^1.3.0"
    path-is-absolute "^1.0.0"

graphlib@^2.1.8:
  version "2.1.8"
  resolved "https://registry.yarnpkg.com/graphlib/-/graphlib-2.1.8.tgz#5761d414737870084c92ec7b5dbcb0592c9d35da"
  dependencies:
    lodash "^4.17.15"

har-schema@^2.0.0:
  version "2.0.0"
  resolved "https://registry.npmjs.org/har-schema/-/har-schema-2.0.0.tgz"

har-validator@~5.1.3:
  version "5.1.3"
  resolved "https://registry.npmjs.org/har-validator/-/har-validator-5.1.3.tgz"
  dependencies:
    ajv "^6.5.5"
    har-schema "^2.0.0"

has-flag@^4.0.0:
  version "4.0.0"
  resolved "https://registry.npmjs.org/has-flag/-/has-flag-4.0.0.tgz"

http-signature@~1.2.0:
  version "1.2.0"
  resolved "https://registry.npmjs.org/http-signature/-/http-signature-1.2.0.tgz"
  dependencies:
    assert-plus "^1.0.0"
    jsprim "^1.2.2"
    sshpk "^1.7.0"

https-proxy-agent@5.0.1:
  version "5.0.1"
  resolved "https://registry.yarnpkg.com/https-proxy-agent/-/https-proxy-agent-5.0.1.tgz#c59ef224a04fe8b754f3db0063a25ea30d0005d6"
  dependencies:
    agent-base "6"
    debug "4"

iconv-lite@0.4:
  version "0.4.24"
  resolved "https://registry.yarnpkg.com/iconv-lite/-/iconv-lite-0.4.24.tgz#2022b4b25fbddc21d2f524974a474aafe733908b"
  dependencies:
    safer-buffer ">= 2.1.2 < 3"

iconv-lite@0.6:
  version "0.6.3"
  resolved "https://registry.yarnpkg.com/iconv-lite/-/iconv-lite-0.6.3.tgz#a52f80bf38da1952eb5c681790719871a1a72501"
  dependencies:
    safer-buffer ">= 2.1.2 < 3.0.0"

ieee754@^1.1.13:
  version "1.2.1"
  resolved "https://registry.yarnpkg.com/ieee754/-/ieee754-1.2.1.tgz#8eb7a10a63fff25d15a57b001586d177d1b0d352"

imgur@^0.3.1:
  version "0.3.1"
  resolved "https://registry.npmjs.org/imgur/-/imgur-0.3.1.tgz"
  dependencies:
    commander "^2.3.0"
    glob "^7.1.2"
    q "^1.0.1"
    request "^2.40.0"

inflight@^1.0.4:
  version "1.0.6"
  resolved "https://registry.yarnpkg.com/inflight/-/inflight-1.0.6.tgz#49bd6331d7d02d0c09bc910a1075ba8165b56df9"
  dependencies:
    once "^1.3.0"
    wrappy "1"

inherits@2, inherits@^2.0.3, inherits@^2.0.4:
  version "2.0.4"
  resolved "https://registry.yarnpkg.com/inherits/-/inherits-2.0.4.tgz#0fa2c64f932917c3433a0ded55363aae37416b7c"

"internmap@1 - 2":
  version "2.0.3"
  resolved "https://registry.yarnpkg.com/internmap/-/internmap-2.0.3.tgz#6685f23755e43c524e251d29cbc97248e3061009"

is-typedarray@~1.0.0:
  version "1.0.0"
  resolved "https://registry.npmjs.org/is-typedarray/-/is-typedarray-1.0.0.tgz"

isstream@~0.1.2:
  version "0.1.2"
  resolved "https://registry.npmjs.org/isstream/-/isstream-0.1.2.tgz"

jsbn@~0.1.0:
  version "0.1.1"
  resolved "https://registry.npmjs.org/jsbn/-/jsbn-0.1.1.tgz"

json-schema-traverse@^0.4.1:
  version "0.4.1"
  resolved "https://registry.npmjs.org/json-schema-traverse/-/json-schema-traverse-0.4.1.tgz"

json-schema@0.2.3:
  version "0.2.3"
  resolved "https://registry.npmjs.org/json-schema/-/json-schema-0.2.3.tgz"

json-stringify-safe@~5.0.1:
  version "5.0.1"
  resolved "https://registry.npmjs.org/json-stringify-safe/-/json-stringify-safe-5.0.1.tgz"

jsprim@^1.2.2:
  version "1.4.1"
  resolved "https://registry.npmjs.org/jsprim/-/jsprim-1.4.1.tgz"
  dependencies:
    assert-plus "1.0.0"
    extsprintf "1.3.0"
    json-schema "0.2.3"
    verror "1.10.0"

khroma@^1.4.1:
  version "1.4.1"
  resolved "https://registry.yarnpkg.com/khroma/-/khroma-1.4.1.tgz#ad6a5b6a972befc5112ce5129887a1a83af2c003"

locate-path@^5.0.0:
  version "5.0.0"
  resolved "https://registry.yarnpkg.com/locate-path/-/locate-path-5.0.0.tgz#1afba396afd676a6d42504d0a67a3a7eb9f62aa0"
  dependencies:
    p-locate "^4.1.0"

lodash@^4.17.13:
  version "4.17.19"
  resolved "https://registry.npmjs.org/lodash/-/lodash-4.17.19.tgz"

lodash@^4.17.15:
  version "4.17.21"
  resolved "https://registry.yarnpkg.com/lodash/-/lodash-4.17.21.tgz#679591c564c3bffaae8454cf0b3df370c3d6911c"

mermaid@^8.9.0:
  version "8.14.0"
  resolved "https://registry.yarnpkg.com/mermaid/-/mermaid-8.14.0.tgz#ef589b0537f56d6340069070edb51719a4faba00"
  dependencies:
    "@braintree/sanitize-url" "^3.1.0"
    d3 "^7.0.0"
    dagre "^0.8.5"
    dagre-d3 "^0.6.4"
    dompurify "2.3.5"
    graphlib "^2.1.8"
    khroma "^1.4.1"
    moment-mini "^2.24.0"
    stylis "^4.0.10"

mime-db@1.44.0:
  version "1.44.0"
  resolved "https://registry.npmjs.org/mime-db/-/mime-db-1.44.0.tgz"

mime-types@^2.1.12, mime-types@~2.1.19:
  version "2.1.27"
  resolved "https://registry.npmjs.org/mime-types/-/mime-types-2.1.27.tgz"
  dependencies:
    mime-db "1.44.0"

minimatch@^3.0.4, minimatch@^3.1.1:
  version "3.1.2"
  resolved "https://registry.yarnpkg.com/minimatch/-/minimatch-3.1.2.tgz#19cd194bfd3e428f049a70817c038d89ab4be35b"
  dependencies:
    brace-expansion "^1.1.7"

minimist@>=0.2.1:
  version "1.2.6"
  resolved "https://registry.yarnpkg.com/minimist/-/minimist-1.2.6.tgz#8637a5b759ea0d6e98702cfb3a9283323c93af44"

mkdirp-classic@^0.5.2:
  version "0.5.3"
  resolved "https://registry.yarnpkg.com/mkdirp-classic/-/mkdirp-classic-0.5.3.tgz#fa10c9115cc6d8865be221ba47ee9bed78601113"

moment-mini@^2.24.0:
  version "2.29.4"
  resolved "https://registry.yarnpkg.com/moment-mini/-/moment-mini-2.29.4.tgz#cbbcdc58ce1b267506f28ea6668dbe060a32758f"

ms@2.1.2:
  version "2.1.2"
  resolved "https://registry.yarnpkg.com/ms/-/ms-2.1.2.tgz#d09d1f357b443f493382a8eb3ccd183872ae6009"

node-fetch@2.6.7:
  version "2.6.7"
  resolved "https://registry.yarnpkg.com/node-fetch/-/node-fetch-2.6.7.tgz#24de9fba827e3b4ae44dc8b20256a379160052ad"
  dependencies:
    whatwg-url "^5.0.0"

oauth-sign@~0.9.0:
  version "0.9.0"
  resolved "https://registry.npmjs.org/oauth-sign/-/oauth-sign-0.9.0.tgz"

once@^1.3.0, once@^1.3.1, once@^1.4.0:
  version "1.4.0"
  resolved "https://registry.yarnpkg.com/once/-/once-1.4.0.tgz#583b1aa775961d4b113ac17d9c50baef9dd76bd1"
  dependencies:
    wrappy "1"

os-tmpdir@~1.0.1:
  version "1.0.2"
  resolved "https://registry.npmjs.org/os-tmpdir/-/os-tmpdir-1.0.2.tgz"

p-limit@^2.2.0:
  version "2.3.0"
  resolved "https://registry.yarnpkg.com/p-limit/-/p-limit-2.3.0.tgz#3dd33c647a214fdfffd835933eb086da0dc21db1"
  dependencies:
    p-try "^2.0.0"

p-locate@^4.1.0:
  version "4.1.0"
  resolved "https://registry.yarnpkg.com/p-locate/-/p-locate-4.1.0.tgz#a3428bb7088b3a60292f66919278b7c297ad4f07"
  dependencies:
    p-limit "^2.2.0"

p-try@^2.0.0:
  version "2.2.0"
  resolved "https://registry.yarnpkg.com/p-try/-/p-try-2.2.0.tgz#cb2868540e313d61de58fafbe35ce9004d5540e6"

pandoc-filter@^0.1.3:
  version "0.1.8"
  resolved "https://registry.npmjs.org/pandoc-filter/-/pandoc-filter-0.1.8.tgz"
  dependencies:
    get-stdin "~0.1.0"

path-exists@^4.0.0:
  version "4.0.0"
  resolved "https://registry.yarnpkg.com/path-exists/-/path-exists-4.0.0.tgz#513bdbe2d3b95d7762e8c1137efa195c6c61b5b3"

path-is-absolute@^1.0.0:
  version "1.0.1"
  resolved "https://registry.yarnpkg.com/path-is-absolute/-/path-is-absolute-1.0.1.tgz#174b9268735534ffbc7ace6bf53a5a9e1b5c5f5f"

pend@~1.2.0:
  version "1.2.0"
  resolved "https://registry.yarnpkg.com/pend/-/pend-1.2.0.tgz#7a57eb550a6783f9115331fcf4663d5c8e007a50"

performance-now@^2.1.0:
  version "2.1.0"
  resolved "https://registry.npmjs.org/performance-now/-/performance-now-2.1.0.tgz"

pkg-dir@4.2.0:
  version "4.2.0"
  resolved "https://registry.yarnpkg.com/pkg-dir/-/pkg-dir-4.2.0.tgz#f099133df7ede422e81d1d8448270eeb3e4261f3"
  dependencies:
    find-up "^4.0.0"

progress@2.0.3:
  version "2.0.3"
  resolved "https://registry.yarnpkg.com/progress/-/progress-2.0.3.tgz#7e8cf8d8f5b8f239c1bc68beb4eb78567d572ef8"

proxy-from-env@1.1.0:
  version "1.1.0"
  resolved "https://registry.yarnpkg.com/proxy-from-env/-/proxy-from-env-1.1.0.tgz#e102f16ca355424865755d2c9e8ea4f24d58c3e2"

psl@^1.1.28:
  version "1.8.0"
  resolved "https://registry.npmjs.org/psl/-/psl-1.8.0.tgz"

pump@^3.0.0:
  version "3.0.0"
  resolved "https://registry.yarnpkg.com/pump/-/pump-3.0.0.tgz#b4a2116815bde2f4e1ea602354e8c75565107a64"
  dependencies:
    end-of-stream "^1.1.0"
    once "^1.3.1"

punycode@^2.1.0, punycode@^2.1.1:
  version "2.1.1"
  resolved "https://registry.npmjs.org/punycode/-/punycode-2.1.1.tgz"

puppeteer@^13.0.0:
  version "13.7.0"
  resolved "https://registry.yarnpkg.com/puppeteer/-/puppeteer-13.7.0.tgz#18e16f83e397cf02f7a0804c67c1603d381cfb0b"
  dependencies:
    cross-fetch "3.1.5"
    debug "4.3.4"
    devtools-protocol "0.0.981744"
    extract-zip "2.0.1"
    https-proxy-agent "5.0.1"
    pkg-dir "4.2.0"
    progress "2.0.3"
    proxy-from-env "1.1.0"
    rimraf "3.0.2"
    tar-fs "2.1.1"
    unbzip2-stream "1.4.3"
    ws "8.5.0"

q@^1.0.1:
  version "1.5.1"
  resolved "https://registry.npmjs.org/q/-/q-1.5.1.tgz"

qs@~6.5.2:
  version "6.5.2"
  resolved "https://registry.npmjs.org/qs/-/qs-6.5.2.tgz"

readable-stream@^3.1.1, readable-stream@^3.4.0:
  version "3.6.0"
  resolved "https://registry.yarnpkg.com/readable-stream/-/readable-stream-3.6.0.tgz#337bbda3adc0706bd3e024426a286d4b4b2c9198"
  dependencies:
    inherits "^2.0.3"
    string_decoder "^1.1.1"
    util-deprecate "^1.0.1"

request@^2.40.0:
  version "2.88.2"
  resolved "https://registry.npmjs.org/request/-/request-2.88.2.tgz"
  dependencies:
    aws-sign2 "~0.7.0"
    aws4 "^1.8.0"
    caseless "~0.12.0"
    combined-stream "~1.0.6"
    extend "~3.0.2"
    forever-agent "~0.6.1"
    form-data "~2.3.2"
    har-validator "~5.1.3"
    http-signature "~1.2.0"
    is-typedarray "~1.0.0"
    isstream "~0.1.2"
    json-stringify-safe "~5.0.1"
    mime-types "~2.1.19"
    oauth-sign "~0.9.0"
    performance-now "^2.1.0"
    qs "~6.5.2"
    safe-buffer "^5.1.2"
    tough-cookie "~2.5.0"
    tunnel-agent "^0.6.0"
    uuid "^3.3.2"

rimraf@3.0.2:
  version "3.0.2"
  resolved "https://registry.yarnpkg.com/rimraf/-/rimraf-3.0.2.tgz#f1a5402ba6220ad52cc1282bac1ae3aa49fd061a"
  dependencies:
    glob "^7.1.3"

robust-predicates@^3.0.0:
  version "3.0.1"
  resolved "https://registry.yarnpkg.com/robust-predicates/-/robust-predicates-3.0.1.tgz#ecde075044f7f30118682bd9fb3f123109577f9a"

rw@1:
  version "1.3.3"
  resolved "https://registry.yarnpkg.com/rw/-/rw-1.3.3.tgz#3f862dfa91ab766b14885ef4d01124bfda074fb4"

safe-buffer@^5.0.1, safe-buffer@^5.1.2, safe-buffer@~5.2.0:
  version "5.2.1"
  resolved "https://registry.yarnpkg.com/safe-buffer/-/safe-buffer-5.2.1.tgz#1eaf9fa9bdb1fdd4ec75f58f9cdb4e6b7827eec6"

"safer-buffer@>= 2.1.2 < 3", "safer-buffer@>= 2.1.2 < 3.0.0", safer-buffer@^2.0.2, safer-buffer@^2.1.0, safer-buffer@~2.1.0:
  version "2.1.2"
  resolved "https://registry.npmjs.org/safer-buffer/-/safer-buffer-2.1.2.tgz"

sanitize-filename@1.6.1:
  version "1.6.1"
  resolved "https://registry.npmjs.org/sanitize-filename/-/sanitize-filename-1.6.1.tgz"
  dependencies:
    truncate-utf8-bytes "^1.0.0"

sshpk@^1.7.0:
  version "1.16.1"
  resolved "https://registry.npmjs.org/sshpk/-/sshpk-1.16.1.tgz"
  dependencies:
    asn1 "~0.2.3"
    assert-plus "^1.0.0"
    bcrypt-pbkdf "^1.0.0"
    dashdash "^1.12.0"
    ecc-jsbn "~0.1.1"
    getpass "^0.1.1"
    jsbn "~0.1.0"
    safer-buffer "^2.0.2"
    tweetnacl "~0.14.0"

string_decoder@^1.1.1:
  version "1.3.0"
  resolved "https://registry.yarnpkg.com/string_decoder/-/string_decoder-1.3.0.tgz#42f114594a46cf1a8e30b0a84f56c78c3edac21e"
  dependencies:
    safe-buffer "~5.2.0"

stylis@^4.0.10:
  version "4.1.3"
  resolved "https://registry.yarnpkg.com/stylis/-/stylis-4.1.3.tgz#fd2fbe79f5fed17c55269e16ed8da14c84d069f7"

supports-color@^7.1.0:
  version "7.1.0"
  resolved "https://registry.npmjs.org/supports-color/-/supports-color-7.1.0.tgz"
  dependencies:
    has-flag "^4.0.0"

tar-fs@2.1.1:
  version "2.1.1"
  resolved "https://registry.yarnpkg.com/tar-fs/-/tar-fs-2.1.1.tgz#489a15ab85f1f0befabb370b7de4f9eb5cbe8784"
  dependencies:
    chownr "^1.1.1"
    mkdirp-classic "^0.5.2"
    pump "^3.0.0"
    tar-stream "^2.1.4"

tar-stream@^2.1.4:
  version "2.2.0"
  resolved "https://registry.yarnpkg.com/tar-stream/-/tar-stream-2.2.0.tgz#acad84c284136b060dc3faa64474aa9aebd77287"
  dependencies:
    bl "^4.0.3"
    end-of-stream "^1.4.1"
    fs-constants "^1.0.0"
    inherits "^2.0.3"
    readable-stream "^3.1.1"

through@^2.3.8:
  version "2.3.8"
  resolved "https://registry.yarnpkg.com/through/-/through-2.3.8.tgz#0dd4c9ffaabc357960b1b724115d7e0e86a2e1f5"

tmp@0.0.28:
  version "0.0.28"
  resolved "https://registry.npmjs.org/tmp/-/tmp-0.0.28.tgz"
  dependencies:
    os-tmpdir "~1.0.1"

tough-cookie@~2.5.0:
  version "2.5.0"
  resolved "https://registry.npmjs.org/tough-cookie/-/tough-cookie-2.5.0.tgz"
  dependencies:
    psl "^1.1.28"
    punycode "^2.1.1"

tr46@~0.0.3:
  version "0.0.3"
  resolved "https://registry.yarnpkg.com/tr46/-/tr46-0.0.3.tgz#8184fd347dac9cdc185992f3a6622e14b9d9ab6a"

truncate-utf8-bytes@^1.0.0:
  version "1.0.2"
  resolved "https://registry.npmjs.org/truncate-utf8-bytes/-/truncate-utf8-bytes-1.0.2.tgz"
  dependencies:
    utf8-byte-length "^1.0.1"

tunnel-agent@^0.6.0:
  version "0.6.0"
  resolved "https://registry.npmjs.org/tunnel-agent/-/tunnel-agent-0.6.0.tgz"
  dependencies:
    safe-buffer "^5.0.1"

tweetnacl@^0.14.3, tweetnacl@~0.14.0:
  version "0.14.5"
  resolved "https://registry.npmjs.org/tweetnacl/-/tweetnacl-0.14.5.tgz"

unbzip2-stream@1.4.3:
  version "1.4.3"
  resolved "https://registry.yarnpkg.com/unbzip2-stream/-/unbzip2-stream-1.4.3.tgz#b0da04c4371311df771cdc215e87f2130991ace7"
  dependencies:
    buffer "^5.2.1"
    through "^2.3.8"

uri-js@^4.2.2:
  version "4.2.2"
  resolved "https://registry.npmjs.org/uri-js/-/uri-js-4.2.2.tgz"
  dependencies:
    punycode "^2.1.0"

utf8-byte-length@^1.0.1:
  version "1.0.4"
  resolved "https://registry.npmjs.org/utf8-byte-length/-/utf8-byte-length-1.0.4.tgz"

util-deprecate@^1.0.1:
  version "1.0.2"
  resolved "https://registry.yarnpkg.com/util-deprecate/-/util-deprecate-1.0.2.tgz#450d4dc9fa70de732762fbd2d4a28981419a0ccf"

uuid@^3.3.2:
  version "3.4.0"
  resolved "https://registry.npmjs.org/uuid/-/uuid-3.4.0.tgz"

verror@1.10.0:
  version "1.10.0"
  resolved "https://registry.npmjs.org/verror/-/verror-1.10.0.tgz"
  dependencies:
    assert-plus "^1.0.0"
    core-util-is "1.0.2"
    extsprintf "^1.2.0"

webidl-conversions@^3.0.0:
  version "3.0.1"
  resolved "https://registry.yarnpkg.com/webidl-conversions/-/webidl-conversions-3.0.1.tgz#24534275e2a7bc6be7bc86611cc16ae0a5654871"

whatwg-url@^5.0.0:
  version "5.0.0"
  resolved "https://registry.yarnpkg.com/whatwg-url/-/whatwg-url-5.0.0.tgz#966454e8765462e37644d3626f6742ce8b70965d"
  dependencies:
    tr46 "~0.0.3"
    webidl-conversions "^3.0.0"

wrappy@1:
  version "1.0.2"
  resolved "https://registry.yarnpkg.com/wrappy/-/wrappy-1.0.2.tgz#b5243d8f3ec1aa35f1364605bc0d1036e30ab69f"

ws@8.5.0:
  version "8.5.0"
  resolved "https://registry.yarnpkg.com/ws/-/ws-8.5.0.tgz#bfb4be96600757fe5382de12c670dab984a1ed4f"

yauzl@^2.10.0:
  version "2.10.0"
  resolved "https://registry.yarnpkg.com/yauzl/-/yauzl-2.10.0.tgz#c7eb17c93e112cb1086fa6d8e51fb0667b79a5f9"
  dependencies:
    buffer-crc32 "~0.2.3"
    fd-slicer "~1.1.0"
